
Microsoft Visual Studio Solution File, Format Version 12.00
# Visual Studio Version 17
VisualStudioVersion = 17.0.31903.59
MinimumVisualStudioVersion = 10.0.40219.1
Project("{FAE04EC0-301F-11D3-BF4B-00C04F79EFBC}") = "XPlaneConnector", "XPlaneConnector\XPlaneConnector.csproj", "{F6622177-701A-4624-8CFE-67533CED4A30}"
EndProject
Project("{FAE04EC0-301F-11D3-BF4B-00C04F79EFBC}") = "XPlaneConnector.DataRefs", "XPlaneConnector.DataRefs\XPlaneConnector.DataRefs.csproj", "{2E848989-4FD1-42F2-BE19-3561C02B966E}"
EndProject
Global
	GlobalSection(SolutionConfigurationPlatforms) = preSolution
		Debug|Any CPU = Debug|Any CPU
		Release|Any CPU = Release|Any CPU
	EndGlobalSection
	GlobalSection(SolutionProperties) = preSolution
		HideSolutionNode = FALSE
	EndGlobalSection
	GlobalSection(ProjectConfigurationPlatforms) = postSolution
		{F6622177-701A-4624-8CFE-67533CED4A30}.Debug|Any CPU.ActiveCfg = Debug|Any CPU
		{F6622177-701A-4624-8CFE-67533CED4A30}.Debug|Any CPU.Build.0 = Debug|Any CPU
		{F6622177-701A-4624-8CFE-67533CED4A30}.Release|Any CPU.ActiveCfg = Release|Any CPU
		{F6622177-701A-4624-8CFE-67533CED4A30}.Release|Any CPU.Build.0 = Release|Any CPU
		{2E848989-4FD1-42F2-BE19-3561C02B966E}.Debug|Any CPU.ActiveCfg = Debug|Any CPU
		{2E848989-4FD1-42F2-BE19-3561C02B966E}.Debug|Any CPU.Build.0 = Debug|Any CPU
		{2E848989-4FD1-42F2-BE19-3561C02B966E}.Release|Any CPU.ActiveCfg = Release|Any CPU
		{2E848989-4FD1-42F2-BE19-3561C02B966E}.Release|Any CPU.Build.0 = Release|Any CPU
	EndGlobalSection
EndGlobal
